// !$*UTF8*$!
{
	archiveVersion = 1;
	classes = {
	};
	objectVersion = 39;
	objects = {
		089C1669FE841209C02AAC07 = {
			buildSettings = {
			};
			buildStyles = (
				4F9091AC011F3BD104CA0E50,
				4F9091AD011F3BD104CA0E50,
			);
			hasScannedForEncodings = 1;
			isa = PBXProject;
			mainGroup = 089C166AFE841209C02AAC07;
			projectDirPath = "";
			targets = (
				8D01CCC60486CAD60068D4B7,
			);
		};
		089C166AFE841209C02AAC07 = {
			children = (
				08FB77ADFE841716C02AAC07,
				089C167CFE841241C02AAC07,
				089C1671FE841209C02AAC07,
				19C28FB4FE9D528D11CA2CBB,
			);
			isa = PBXGroup;
			name = VSTGL;
			refType = 4;
			sourceTree = "<group>";
		};
		089C1671FE841209C02AAC07 = {
			children = (
				D25BF4BB098BA81400D059FD,
				D25BF4BC098BA81400D059FD,
				D25BF4BD098BA81400D059FD,
				08EA7FFBFE8413EDC02AAC07,
			);
			isa = PBXGroup;
			name = "External Frameworks and Libraries";
			refType = 4;
			sourceTree = "<group>";
		};
		089C167CFE841241C02AAC07 = {
			children = (
				D25BF48E098BA76B00D059FD,
				8D01CCD10486CAD60068D4B7,
			);
			isa = PBXGroup;
			name = Resources;
			refType = 4;
			sourceTree = "<group>";
		};
		08EA7FFBFE8413EDC02AAC07 = {
			isa = PBXFileReference;
			lastKnownFileType = wrapper.framework;
			name = Carbon.framework;
			path = /System/Library/Frameworks/Carbon.framework;
			refType = 0;
			sourceTree = "<absolute>";
		};
		08FB77ADFE841716C02AAC07 = {
			children = (
				D25BF498098BA7AB00D059FD,
				D25BF4A8098BA7E400D059FD,
				D25BF4A6098BA7E400D059FD,
				D25BF4A7098BA7E400D059FD,
				D25BF4AD098BA7E400D059FD,
				D25BF4AE098BA7E400D059FD,
			);
			isa = PBXGroup;
			name = Source;
			refType = 4;
			sourceTree = "<group>";
		};
//080
//081
//082
//083
//084
//190
//191
//192
//193
//194
		19C28FB4FE9D528D11CA2CBB = {
			children = (
				8D01CCD20486CAD60068D4B7,
			);
			isa = PBXGroup;
			name = Products;
			refType = 4;
			sourceTree = "<group>";
		};
//190
//191
//192
//193
//194
//4F0
//4F1
//4F2
//4F3
//4F4
		4F9091AC011F3BD104CA0E50 = {
			buildSettings = {
				COPY_PHASE_STRIP = NO;
				DEBUGGING_SYMBOLS = YES;
				GCC_DYNAMIC_NO_PIC = NO;
				GCC_ENABLE_FIX_AND_CONTINUE = YES;
				GCC_GENERATE_DEBUGGING_SYMBOLS = YES;
				GCC_OPTIMIZATION_LEVEL = 0;
				OPTIMIZATION_CFLAGS = "-O0";
				ZERO_LINK = YES;
			};
			isa = PBXBuildStyle;
			name = Development;
		};
		4F9091AD011F3BD104CA0E50 = {
			buildSettings = {
				COPY_PHASE_STRIP = YES;
				GCC_ENABLE_FIX_AND_CONTINUE = NO;
				ZERO_LINK = NO;
			};
			isa = PBXBuildStyle;
			name = Deployment;
		};
//4F0
//4F1
//4F2
//4F3
//4F4
//8D0
//8D1
//8D2
//8D3
//8D4
		8D01CCC60486CAD60068D4B7 = {
			buildPhases = (
				8D01CCC70486CAD60068D4B7,
				8D01CCC90486CAD60068D4B7,
				8D01CCCB0486CAD60068D4B7,
				8D01CCCD0486CAD60068D4B7,
				8D01CCCF0486CAD60068D4B7,
				D25BF492098BA78600D059FD,
				D25BF495098BA79700D059FD,
			);
			buildRules = (
			);
			buildSettings = {
				FRAMEWORK_SEARCH_PATHS = "";
				GCC_ENABLE_TRIGRAPHS = NO;
				GCC_GENERATE_DEBUGGING_SYMBOLS = NO;
				GCC_PRECOMPILE_PREFIX_HEADER = YES;
				GCC_PREFIX_HEADER = ../vstsdk2.4/vstgui.sf/vstgui/vstplugsmacho.h;
				GCC_WARN_ABOUT_MISSING_PROTOTYPES = NO;
				GCC_WARN_FOUR_CHARACTER_CONSTANTS = NO;
				GCC_WARN_UNKNOWN_PRAGMAS = NO;
				HEADER_SEARCH_PATHS = "../vstsdk2.4/ ../vstsdk2.4/public.sdk/source/vst2.x";
				INFOPLIST_FILE = Info.plist;
				INSTALL_PATH = "$(HOME)/Library/Audio/Plug-Ins/VST/";
				LIBRARY_SEARCH_PATHS = "";
				LIBRARY_STYLE = Bundle;
				OTHER_CFLAGS = "";
				OTHER_LDFLAGS = "";
				OTHER_REZFLAGS = "";
				PRODUCT_NAME = VSTGL;
				SECTORDER_FLAGS = "";
				WARNING_CFLAGS = "-Wmost -Wno-four-char-constants -Wno-unknown-pragmas";
				WRAPPER_EXTENSION = vst;
			};
			dependencies = (
			);
			isa = PBXNativeTarget;
			name = VSTGL;
			productInstallPath = "$(HOME)/Library/Bundles";
			productName = VSTGL;
			productReference = 8D01CCD20486CAD60068D4B7;
			productType = "com.apple.product-type.bundle";
		};
		8D01CCC70486CAD60068D4B7 = {
			buildActionMask = 2147483647;
			files = (
				D25BF49F098BA7C000D059FD,
				D25BF4A1098BA7C000D059FD,
				D25BF4A3098BA7C000D059FD,
				D25BF4B0098BA7E400D059FD,
				D25BF4B2098BA7E400D059FD,
				D25BF4B4098BA7E400D059FD,
				D25BF4B6098BA7E400D059FD,
				D25BF4D5098BA8BC00D059FD,
				D25BF4D6098BA8BC00D059FD,
			);
			isa = PBXHeadersBuildPhase;
			runOnlyForDeploymentPostprocessing = 0;
		};
		8D01CCC90486CAD60068D4B7 = {
			buildActionMask = 2147483647;
			files = (
				D25BF48F098BA76B00D059FD,
			);
			isa = PBXResourcesBuildPhase;
			runOnlyForDeploymentPostprocessing = 0;
		};
		8D01CCCB0486CAD60068D4B7 = {
			buildActionMask = 2147483647;
			files = (
				D25BF4A0098BA7C000D059FD,
				D25BF4A2098BA7C000D059FD,
				D25BF4A4098BA7C000D059FD,
				D25BF4AF098BA7E400D059FD,
				D25BF4B1098BA7E400D059FD,
				D25BF4B3098BA7E400D059FD,
				D25BF4B5098BA7E400D059FD,
			);
			isa = PBXSourcesBuildPhase;
			runOnlyForDeploymentPostprocessing = 0;
		};
		8D01CCCD0486CAD60068D4B7 = {
			buildActionMask = 2147483647;
			files = (
				8D01CCCE0486CAD60068D4B7,
				D25BF4BE098BA81400D059FD,
				D25BF4BF098BA81400D059FD,
				D25BF4C0098BA81400D059FD,
			);
			isa = PBXFrameworksBuildPhase;
			runOnlyForDeploymentPostprocessing = 0;
		};
		8D01CCCE0486CAD60068D4B7 = {
			fileRef = 08EA7FFBFE8413EDC02AAC07;
			isa = PBXBuildFile;
			settings = {
			};
		};
		8D01CCCF0486CAD60068D4B7 = {
			buildActionMask = 2147483647;
			files = (
			);
			isa = PBXRezBuildPhase;
			runOnlyForDeploymentPostprocessing = 0;
		};
		8D01CCD10486CAD60068D4B7 = {
			fileEncoding = 4;
			isa = PBXFileReference;
			lastKnownFileType = text.plist;
			path = Info.plist;
			refType = 4;
			sourceTree = "<group>";
		};
		8D01CCD20486CAD60068D4B7 = {
			explicitFileType = wrapper.cfbundle;
			includeInIndex = 0;
			isa = PBXFileReference;
			path = VSTGL.vst;
			refType = 3;
			sourceTree = BUILT_PRODUCTS_DIR;
		};
//8D0
//8D1
//8D2
//8D3
//8D4
//D20
//D21
//D22
//D23
//D24
		D25BF48E098BA76B00D059FD = {
			fileEncoding = 4;
			isa = PBXFileReference;
			lastKnownFileType = text;
			path = PkgInfo;
			refType = 4;
			sourceTree = "<group>";
		};
		D25BF48F098BA76B00D059FD = {
			fileRef = D25BF48E098BA76B00D059FD;
			isa = PBXBuildFile;
			settings = {
			};
		};
		D25BF492098BA78600D059FD = {
			buildActionMask = 2147483647;
			files = (
			);
			inputPaths = (
			);
			isa = PBXShellScriptBuildPhase;
			outputPaths = (
			);
			runOnlyForDeploymentPostprocessing = 0;
			shellPath = /bin/sh;
			shellScript = "cp PkgInfo build/VSTGL.vst/Contents/";
		};
		D25BF495098BA79700D059FD = {
			buildActionMask = 2147483647;
			files = (
			);
			inputPaths = (
			);
			isa = PBXShellScriptBuildPhase;
			outputPaths = (
			);
			runOnlyForDeploymentPostprocessing = 0;
			shellPath = /bin/sh;
			shellScript = "cp -r build/VSTGL.vst $HOME/Library/Audio/Plug-Ins/VST/";
		};
		D25BF498098BA7AB00D059FD = {
			children = (
				D25BF4D3098BA8BC00D059FD,
				D25BF4D4098BA8BC00D059FD,
				D25BF499098BA7C000D059FD,
				D25BF49A098BA7C000D059FD,
				D25BF49B098BA7C000D059FD,
				D25BF49C098BA7C000D059FD,
				D25BF49D098BA7C000D059FD,
				D25BF49E098BA7C000D059FD,
			);
			isa = PBXGroup;
			name = VSTSDK;
			refType = 4;
			sourceTree = "<group>";
		};
		D25BF499098BA7C000D059FD = {
			fileEncoding = 30;
			isa = PBXFileReference;
			lastKnownFileType = sourcecode.c.h;
			name = aeffeditor.h;
			path = "/Users/niallmoody/Programming/VST Plugins/vstsdk2.4/public.sdk/source/vst2.x/aeffeditor.h";
			refType = 0;
			sourceTree = "<absolute>";
		};
		D25BF49A098BA7C000D059FD = {
			fileEncoding = 30;
			isa = PBXFileReference;
			lastKnownFileType = sourcecode.cpp.cpp;
			name = audioeffect.cpp;
			path = "/Users/niallmoody/Programming/VST Plugins/vstsdk2.4/public.sdk/source/vst2.x/audioeffect.cpp";
			refType = 0;
			sourceTree = "<absolute>";
		};
		D25BF49B098BA7C000D059FD = {
			fileEncoding = 30;
			isa = PBXFileReference;
			lastKnownFileType = sourcecode.c.h;
			name = audioeffect.h;
			path = "/Users/niallmoody/Programming/VST Plugins/vstsdk2.4/public.sdk/source/vst2.x/audioeffect.h";
			refType = 0;
			sourceTree = "<absolute>";
		};
		D25BF49C098BA7C000D059FD = {
			fileEncoding = 30;
			isa = PBXFileReference;
			lastKnownFileType = sourcecode.cpp.cpp;
			name = audioeffectx.cpp;
			path = "/Users/niallmoody/Programming/VST Plugins/vstsdk2.4/public.sdk/source/vst2.x/audioeffectx.cpp";
			refType = 0;
			sourceTree = "<absolute>";
		};
		D25BF49D098BA7C000D059FD = {
			fileEncoding = 30;
			isa = PBXFileReference;
			lastKnownFileType = sourcecode.c.h;
			name = audioeffectx.h;
			path = "/Users/niallmoody/Programming/VST Plugins/vstsdk2.4/public.sdk/source/vst2.x/audioeffectx.h";
			refType = 0;
			sourceTree = "<absolute>";
		};
		D25BF49E098BA7C000D059FD = {
			fileEncoding = 30;
			isa = PBXFileReference;
			lastKnownFileType = sourcecode.cpp.cpp;
			name = vstplugmain.cpp;
			path = "/Users/niallmoody/Programming/VST Plugins/vstsdk2.4/public.sdk/source/vst2.x/vstplugmain.cpp";
			refType = 0;
			sourceTree = "<absolute>";
		};
		D25BF49F098BA7C000D059FD = {
			fileRef = D25BF499098BA7C000D059FD;
			isa = PBXBuildFile;
			settings = {
			};
		};
		D25BF4A0098BA7C000D059FD = {
			fileRef = D25BF49A098BA7C000D059FD;
			isa = PBXBuildFile;
			settings = {
			};
		};
		D25BF4A1098BA7C000D059FD = {
			fileRef = D25BF49B098BA7C000D059FD;
			isa = PBXBuildFile;
			settings = {
			};
		};
		D25BF4A2098BA7C000D059FD = {
			fileRef = D25BF49C098BA7C000D059FD;
			isa = PBXBuildFile;
			settings = {
			};
		};
		D25BF4A3098BA7C000D059FD = {
			fileRef = D25BF49D098BA7C000D059FD;
			isa = PBXBuildFile;
			settings = {
			};
		};
		D25BF4A4098BA7C000D059FD = {
			fileRef = D25BF49E098BA7C000D059FD;
			isa = PBXBuildFile;
			settings = {
			};
		};
		D25BF4A6098BA7E400D059FD = {
			fileEncoding = 30;
			isa = PBXFileReference;
			lastKnownFileType = sourcecode.cpp.cpp;
			path = ExampleEditor.cpp;
			refType = 4;
			sourceTree = "<group>";
		};
		D25BF4A7098BA7E400D059FD = {
			fileEncoding = 30;
			isa = PBXFileReference;
			lastKnownFileType = sourcecode.c.h;
			path = ExampleEditor.h;
			refType = 4;
			sourceTree = "<group>";
		};
		D25BF4A8098BA7E400D059FD = {
			children = (
				D25BF4A9098BA7E400D059FD,
				D25BF4AA098BA7E400D059FD,
				D25BF4AB098BA7E400D059FD,
				D25BF4AC098BA7E400D059FD,
			);
			isa = PBXGroup;
			path = VSTGL;
			refType = 4;
			sourceTree = "<group>";
		};
		D25BF4A9098BA7E400D059FD = {
			fileEncoding = 30;
			isa = PBXFileReference;
			lastKnownFileType = sourcecode.cpp.cpp;
			path = VSTGLEditor.cpp;
			refType = 4;
			sourceTree = "<group>";
		};
		D25BF4AA098BA7E400D059FD = {
			fileEncoding = 30;
			isa = PBXFileReference;
			lastKnownFileType = sourcecode.c.h;
			path = VSTGLEditor.h;
			refType = 4;
			sourceTree = "<group>";
		};
		D25BF4AB098BA7E400D059FD = {
			fileEncoding = 30;
			isa = PBXFileReference;
			lastKnownFileType = sourcecode.cpp.cpp;
			path = VSTGLTimer.cpp;
			refType = 4;
			sourceTree = "<group>";
		};
		D25BF4AC098BA7E400D059FD = {
			fileEncoding = 30;
			isa = PBXFileReference;
			lastKnownFileType = sourcecode.c.h;
			path = VSTGLTimer.h;
			refType = 4;
			sourceTree = "<group>";
		};
		D25BF4AD098BA7E400D059FD = {
			fileEncoding = 30;
			isa = PBXFileReference;
			lastKnownFileType = sourcecode.cpp.cpp;
			path = VstPlugin.cpp;
			refType = 4;
			sourceTree = "<group>";
		};
		D25BF4AE098BA7E400D059FD = {
			fileEncoding = 30;
			isa = PBXFileReference;
			lastKnownFileType = sourcecode.c.h;
			path = VstPlugin.h;
			refType = 4;
			sourceTree = "<group>";
		};
		D25BF4AF098BA7E400D059FD = {
			fileRef = D25BF4A6098BA7E400D059FD;
			isa = PBXBuildFile;
			settings = {
			};
		};
		D25BF4B0098BA7E400D059FD = {
			fileRef = D25BF4A7098BA7E400D059FD;
			isa = PBXBuildFile;
			settings = {
			};
		};
		D25BF4B1098BA7E400D059FD = {
			fileRef = D25BF4A9098BA7E400D059FD;
			isa = PBXBuildFile;
			settings = {
			};
		};
		D25BF4B2098BA7E400D059FD = {
			fileRef = D25BF4AA098BA7E400D059FD;
			isa = PBXBuildFile;
			settings = {
			};
		};
		D25BF4B3098BA7E400D059FD = {
			fileRef = D25BF4AB098BA7E400D059FD;
			isa = PBXBuildFile;
			settings = {
			};
		};
		D25BF4B4098BA7E400D059FD = {
			fileRef = D25BF4AC098BA7E400D059FD;
			isa = PBXBuildFile;
			settings = {
			};
		};
		D25BF4B5098BA7E400D059FD = {
			fileRef = D25BF4AD098BA7E400D059FD;
			isa = PBXBuildFile;
			settings = {
			};
		};
		D25BF4B6098BA7E400D059FD = {
			fileRef = D25BF4AE098BA7E400D059FD;
			isa = PBXBuildFile;
			settings = {
			};
		};
		D25BF4BB098BA81400D059FD = {
			isa = PBXFileReference;
			lastKnownFileType = wrapper.framework;
			name = AGL.framework;
			path = /System/Library/Frameworks/AGL.framework;
			refType = 0;
			sourceTree = "<absolute>";
		};
		D25BF4BC098BA81400D059FD = {
			isa = PBXFileReference;
			lastKnownFileType = wrapper.framework;
			name = CoreServices.framework;
			path = /System/Library/Frameworks/CoreServices.framework;
			refType = 0;
			sourceTree = "<absolute>";
		};
		D25BF4BD098BA81400D059FD = {
			isa = PBXFileReference;
			lastKnownFileType = wrapper.framework;
			name = OpenGL.framework;
			path = /System/Library/Frameworks/OpenGL.framework;
			refType = 0;
			sourceTree = "<absolute>";
		};
		D25BF4BE098BA81400D059FD = {
			fileRef = D25BF4BB098BA81400D059FD;
			isa = PBXBuildFile;
			settings = {
			};
		};
		D25BF4BF098BA81400D059FD = {
			fileRef = D25BF4BC098BA81400D059FD;
			isa = PBXBuildFile;
			settings = {
			};
		};
		D25BF4C0098BA81400D059FD = {
			fileRef = D25BF4BD098BA81400D059FD;
			isa = PBXBuildFile;
			settings = {
			};
		};
		D25BF4D3098BA8BC00D059FD = {
			fileEncoding = 30;
			isa = PBXFileReference;
			lastKnownFileType = sourcecode.c.h;
			name = aeffect.h;
			path = "/Users/niallmoody/Programming/VST Plugins/vstsdk2.4/pluginterfaces/vst2.x/aeffect.h";
			refType = 0;
			sourceTree = "<absolute>";
		};
		D25BF4D4098BA8BC00D059FD = {
			fileEncoding = 30;
			isa = PBXFileReference;
			lastKnownFileType = sourcecode.c.h;
			name = aeffectx.h;
			path = "/Users/niallmoody/Programming/VST Plugins/vstsdk2.4/pluginterfaces/vst2.x/aeffectx.h";
			refType = 0;
			sourceTree = "<absolute>";
		};
		D25BF4D5098BA8BC00D059FD = {
			fileRef = D25BF4D3098BA8BC00D059FD;
			isa = PBXBuildFile;
			settings = {
			};
		};
		D25BF4D6098BA8BC00D059FD = {
			fileRef = D25BF4D4098BA8BC00D059FD;
			isa = PBXBuildFile;
			settings = {
			};
		};
	};
	rootObject = 089C1669FE841209C02AAC07;
}
